// !$*UTF8*$!
{
	archiveVersion = 1;
	classes = {
	};
	objectVersion = 51;
	objects = {

/* Begin PBXBuildFile section */
		1BDBA09C223C75220D7F4E45 /* Pods_NetflixClone.framework in Frameworks */ = {isa = PBXBuildFile; fileRef = 775E216E4BAEAE1508112460 /* Pods_NetflixClone.framework */; };
		6B03670628CA44810054C11C /* HeroHeaderUIView.swift in Sources */ = {isa = PBXBuildFile; fileRef = 6B03670528CA44810054C11C /* HeroHeaderUIView.swift */; };
		6B4809FD28DA9FF3005406E9 /* APICaller.swift in Sources */ = {isa = PBXBuildFile; fileRef = 6B4809FC28DA9FF3005406E9 /* APICaller.swift */; };
		6B480A0028DAA266005406E9 /* Extensions.swift in Sources */ = {isa = PBXBuildFile; fileRef = 6B4809FF28DAA266005406E9 /* Extensions.swift */; };
		6B480A0428DAC3E1005406E9 /* TitleCollectionViewCell.swift in Sources */ = {isa = PBXBuildFile; fileRef = 6B480A0328DAC3E1005406E9 /* TitleCollectionViewCell.swift */; };
		6B5FCC2728DCD1020010EBB1 /* TitlePreviewViewController.swift in Sources */ = {isa = PBXBuildFile; fileRef = 6B5FCC2628DCD1020010EBB1 /* TitlePreviewViewController.swift */; };
		6B5FCC2928DCD37D0010EBB1 /* TitlePreviewViewModel.swift in Sources */ = {isa = PBXBuildFile; fileRef = 6B5FCC2828DCD37D0010EBB1 /* TitlePreviewViewModel.swift */; };
		6BD540A928DB7BAD00D50BE4 /* TitleTableViewCell.swift in Sources */ = {isa = PBXBuildFile; fileRef = 6BD540A828DB7BAD00D50BE4 /* TitleTableViewCell.swift */; };
		6BD540AC28DB7DD400D50BE4 /* TitleViewModel.swift in Sources */ = {isa = PBXBuildFile; fileRef = 6BD540AB28DB7DD400D50BE4 /* TitleViewModel.swift */; };
		6BD540AE28DB8EAF00D50BE4 /* SearchResultsViewController.swift in Sources */ = {isa = PBXBuildFile; fileRef = 6BD540AD28DB8EAF00D50BE4 /* SearchResultsViewController.swift */; };
		6BE6F71028DBB7FC0091CF8F /* YoutubeSearchResponse.swift in Sources */ = {isa = PBXBuildFile; fileRef = 6BE6F70F28DBB7FC0091CF8F /* YoutubeSearchResponse.swift */; };
		6BE85ADC28DA9C2D005C6A45 /* Title.swift in Sources */ = {isa = PBXBuildFile; fileRef = 6BE85ADB28DA9C2D005C6A45 /* Title.swift */; };
		CF5BB9CD28C99D86006DCE95 /* AppDelegate.swift in Sources */ = {isa = PBXBuildFile; fileRef = CF5BB9CC28C99D86006DCE95 /* AppDelegate.swift */; };
		CF5BB9CF28C99D86006DCE95 /* SceneDelegate.swift in Sources */ = {isa = PBXBuildFile; fileRef = CF5BB9CE28C99D86006DCE95 /* SceneDelegate.swift */; };
		CF5BB9D128C99D86006DCE95 /* MainTabBarViewController.swift in Sources */ = {isa = PBXBuildFile; fileRef = CF5BB9D028C99D86006DCE95 /* MainTabBarViewController.swift */; };
		CF5BB9D628C99D87006DCE95 /* Assets.xcassets in Resources */ = {isa = PBXBuildFile; fileRef = CF5BB9D528C99D87006DCE95 /* Assets.xcassets */; };
		CF5BB9D928C99D87006DCE95 /* LaunchScreen.storyboard in Resources */ = {isa = PBXBuildFile; fileRef = CF5BB9D728C99D87006DCE95 /* LaunchScreen.storyboard */; };
		CF5BB9E528C9A17C006DCE95 /* HomeViewController.swift in Sources */ = {isa = PBXBuildFile; fileRef = CF5BB9E428C9A17C006DCE95 /* HomeViewController.swift */; };
		CF5BB9E928C9A2C1006DCE95 /* UpcommingViewController.swift in Sources */ = {isa = PBXBuildFile; fileRef = CF5BB9E828C9A2C1006DCE95 /* UpcommingViewController.swift */; };
		CF5BB9EC28C9A2E2006DCE95 /* SearchViewController.swift in Sources */ = {isa = PBXBuildFile; fileRef = CF5BB9EB28C9A2E2006DCE95 /* SearchViewController.swift */; };
		CF5BB9EF28C9A300006DCE95 /* DownloadsViewController.swift in Sources */ = {isa = PBXBuildFile; fileRef = CF5BB9EE28C9A300006DCE95 /* DownloadsViewController.swift */; };
		CF5BB9F828C9ACB1006DCE95 /* CollectionViewTableViewCell.swift in Sources */ = {isa = PBXBuildFile; fileRef = CF5BB9F728C9ACB1006DCE95 /* CollectionViewTableViewCell.swift */; };
/* End PBXBuildFile section */

/* Begin PBXFileReference section */
		5A01E5CC10AA9F4B824F230A /* Pods-NetflixClone.release.xcconfig */ = {isa = PBXFileReference; includeInIndex = 1; lastKnownFileType = text.xcconfig; name = "Pods-NetflixClone.release.xcconfig"; path = "Target Support Files/Pods-NetflixClone/Pods-NetflixClone.release.xcconfig"; sourceTree = "<group>"; };
		6B03670528CA44810054C11C /* HeroHeaderUIView.swift */ = {isa = PBXFileReference; lastKnownFileType = sourcecode.swift; path = HeroHeaderUIView.swift; sourceTree = "<group>"; };
		6B4809FC28DA9FF3005406E9 /* APICaller.swift */ = {isa = PBXFileReference; lastKnownFileType = sourcecode.swift; path = APICaller.swift; sourceTree = "<group>"; };
		6B4809FF28DAA266005406E9 /* Extensions.swift */ = {isa = PBXFileReference; lastKnownFileType = sourcecode.swift; path = Extensions.swift; sourceTree = "<group>"; };
		6B480A0328DAC3E1005406E9 /* TitleCollectionViewCell.swift */ = {isa = PBXFileReference; lastKnownFileType = sourcecode.swift; path = TitleCollectionViewCell.swift; sourceTree = "<group>"; };
		6B5FCC2628DCD1020010EBB1 /* TitlePreviewViewController.swift */ = {isa = PBXFileReference; lastKnownFileType = sourcecode.swift; path = TitlePreviewViewController.swift; sourceTree = "<group>"; };
		6B5FCC2828DCD37D0010EBB1 /* TitlePreviewViewModel.swift */ = {isa = PBXFileReference; lastKnownFileType = sourcecode.swift; path = TitlePreviewViewModel.swift; sourceTree = "<group>"; };
		6BD540A828DB7BAD00D50BE4 /* TitleTableViewCell.swift */ = {isa = PBXFileReference; lastKnownFileType = sourcecode.swift; path = TitleTableViewCell.swift; sourceTree = "<group>"; };
		6BD540AB28DB7DD400D50BE4 /* TitleViewModel.swift */ = {isa = PBXFileReference; lastKnownFileType = sourcecode.swift; path = TitleViewModel.swift; sourceTree = "<group>"; };
		6BD540AD28DB8EAF00D50BE4 /* SearchResultsViewController.swift */ = {isa = PBXFileReference; lastKnownFileType = sourcecode.swift; path = SearchResultsViewController.swift; sourceTree = "<group>"; };
		6BE6F70F28DBB7FC0091CF8F /* YoutubeSearchResponse.swift */ = {isa = PBXFileReference; lastKnownFileType = sourcecode.swift; path = YoutubeSearchResponse.swift; sourceTree = "<group>"; };
		6BE85ADB28DA9C2D005C6A45 /* Title.swift */ = {isa = PBXFileReference; lastKnownFileType = sourcecode.swift; path = Title.swift; sourceTree = "<group>"; };
		71DF3000E12FBC7749E59131 /* Pods-NetflixClone.debug.xcconfig */ = {isa = PBXFileReference; includeInIndex = 1; lastKnownFileType = text.xcconfig; name = "Pods-NetflixClone.debug.xcconfig"; path = "Target Support Files/Pods-NetflixClone/Pods-NetflixClone.debug.xcconfig"; sourceTree = "<group>"; };
		775E216E4BAEAE1508112460 /* Pods_NetflixClone.framework */ = {isa = PBXFileReference; explicitFileType = wrapper.framework; includeInIndex = 0; path = Pods_NetflixClone.framework; sourceTree = BUILT_PRODUCTS_DIR; };
		CF5BB9C928C99D86006DCE95 /* NetflixClone.app */ = {isa = PBXFileReference; explicitFileType = wrapper.application; includeInIndex = 0; path = NetflixClone.app; sourceTree = BUILT_PRODUCTS_DIR; };
		CF5BB9CC28C99D86006DCE95 /* AppDelegate.swift */ = {isa = PBXFileReference; lastKnownFileType = sourcecode.swift; path = AppDelegate.swift; sourceTree = "<group>"; };
		CF5BB9CE28C99D86006DCE95 /* SceneDelegate.swift */ = {isa = PBXFileReference; lastKnownFileType = sourcecode.swift; path = SceneDelegate.swift; sourceTree = "<group>"; };
		CF5BB9D028C99D86006DCE95 /* MainTabBarViewController.swift */ = {isa = PBXFileReference; lastKnownFileType = sourcecode.swift; path = MainTabBarViewController.swift; sourceTree = "<group>"; };
		CF5BB9D528C99D87006DCE95 /* Assets.xcassets */ = {isa = PBXFileReference; lastKnownFileType = folder.assetcatalog; path = Assets.xcassets; sourceTree = "<group>"; };
		CF5BB9D828C99D87006DCE95 /* Base */ = {isa = PBXFileReference; lastKnownFileType = file.storyboard; name = Base; path = Base.lproj/LaunchScreen.storyboard; sourceTree = "<group>"; };
		CF5BB9DA28C99D88006DCE95 /* Info.plist */ = {isa = PBXFileReference; lastKnownFileType = text.plist.xml; path = Info.plist; sourceTree = "<group>"; };
		CF5BB9E428C9A17C006DCE95 /* HomeViewController.swift */ = {isa = PBXFileReference; lastKnownFileType = sourcecode.swift; path = HomeViewController.swift; sourceTree = "<group>"; };
		CF5BB9E828C9A2C1006DCE95 /* UpcommingViewController.swift */ = {isa = PBXFileReference; lastKnownFileType = sourcecode.swift; path = UpcommingViewController.swift; sourceTree = "<group>"; };
		CF5BB9EB28C9A2E2006DCE95 /* SearchViewController.swift */ = {isa = PBXFileReference; lastKnownFileType = sourcecode.swift; path = SearchViewController.swift; sourceTree = "<group>"; };
		CF5BB9EE28C9A300006DCE95 /* DownloadsViewController.swift */ = {isa = PBXFileReference; lastKnownFileType = sourcecode.swift; path = DownloadsViewController.swift; sourceTree = "<group>"; };
		CF5BB9F728C9ACB1006DCE95 /* CollectionViewTableViewCell.swift */ = {isa = PBXFileReference; lastKnownFileType = sourcecode.swift; path = CollectionViewTableViewCell.swift; sourceTree = "<group>"; };
/* End PBXFileReference section */

/* Begin PBXFrameworksBuildPhase section */
		CF5BB9C628C99D86006DCE95 /* Frameworks */ = {
			isa = PBXFrameworksBuildPhase;
			buildActionMask = 2147483647;
			files = (
				1BDBA09C223C75220D7F4E45 /* Pods_NetflixClone.framework in Frameworks */,
			);
			runOnlyForDeploymentPostprocessing = 0;
		};
/* End PBXFrameworksBuildPhase section */

/* Begin PBXGroup section */
		6B4809FB28DA9FDA005406E9 /* Managers */ = {
			isa = PBXGroup;
			children = (
				6B4809FC28DA9FF3005406E9 /* APICaller.swift */,
			);
			path = Managers;
			sourceTree = "<group>";
		};
		6B4809FE28DAA254005406E9 /* Resources */ = {
			isa = PBXGroup;
			children = (
				6B4809FF28DAA266005406E9 /* Extensions.swift */,
			);
			path = Resources;
			sourceTree = "<group>";
		};
		6BD540AA28DB7DC500D50BE4 /* ViewModels */ = {
			isa = PBXGroup;
			children = (
				6BD540AB28DB7DD400D50BE4 /* TitleViewModel.swift */,
				6B5FCC2828DCD37D0010EBB1 /* TitlePreviewViewModel.swift */,
			);
			path = ViewModels;
			sourceTree = "<group>";
		};
		6BE85ADA28DA9C1F005C6A45 /* Models */ = {
			isa = PBXGroup;
			children = (
				6BE85ADB28DA9C2D005C6A45 /* Title.swift */,
				6BE6F70F28DBB7FC0091CF8F /* YoutubeSearchResponse.swift */,
			);
			path = Models;
			sourceTree = "<group>";
		};
		937947887F873CAE3FB44EE7 /* Pods */ = {
			isa = PBXGroup;
			children = (
				71DF3000E12FBC7749E59131 /* Pods-NetflixClone.debug.xcconfig */,
				5A01E5CC10AA9F4B824F230A /* Pods-NetflixClone.release.xcconfig */,
			);
			path = Pods;
			sourceTree = "<group>";
		};
		CF5BB9C028C99D86006DCE95 = {
			isa = PBXGroup;
			children = (
				CF5BB9CB28C99D86006DCE95 /* NetflixClone */,
				CF5BB9CA28C99D86006DCE95 /* Products */,
				937947887F873CAE3FB44EE7 /* Pods */,
				F401E3C34C5846A68D6A6B31 /* Frameworks */,
			);
			sourceTree = "<group>";
		};
		CF5BB9CA28C99D86006DCE95 /* Products */ = {
			isa = PBXGroup;
			children = (
				CF5BB9C928C99D86006DCE95 /* NetflixClone.app */,
			);
			name = Products;
			sourceTree = "<group>";
		};
		CF5BB9CB28C99D86006DCE95 /* NetflixClone */ = {
			isa = PBXGroup;
			children = (
				6BD540AA28DB7DC500D50BE4 /* ViewModels */,
				6B4809FE28DAA254005406E9 /* Resources */,
				6B4809FB28DA9FDA005406E9 /* Managers */,
				6BE85ADA28DA9C1F005C6A45 /* Models */,
				CF5BB9F528C9AB8A006DCE95 /* Views */,
				CF5BB9E328C9A137006DCE95 /* Controller */,
				CF5BB9CC28C99D86006DCE95 /* AppDelegate.swift */,
				CF5BB9CE28C99D86006DCE95 /* SceneDelegate.swift */,
				CF5BB9D028C99D86006DCE95 /* MainTabBarViewController.swift */,
				CF5BB9D528C99D87006DCE95 /* Assets.xcassets */,
				CF5BB9D728C99D87006DCE95 /* LaunchScreen.storyboard */,
				CF5BB9DA28C99D88006DCE95 /* Info.plist */,
			);
			path = NetflixClone;
			sourceTree = "<group>";
		};
		CF5BB9E328C9A137006DCE95 /* Controller */ = {
			isa = PBXGroup;
			children = (
				CF5BB9E428C9A17C006DCE95 /* HomeViewController.swift */,
				CF5BB9E828C9A2C1006DCE95 /* UpcommingViewController.swift */,
				CF5BB9EB28C9A2E2006DCE95 /* SearchViewController.swift */,
				CF5BB9EE28C9A300006DCE95 /* DownloadsViewController.swift */,
				6BD540AD28DB8EAF00D50BE4 /* SearchResultsViewController.swift */,
				6B5FCC2628DCD1020010EBB1 /* TitlePreviewViewController.swift */,
			);
			path = Controller;
			sourceTree = "<group>";
		};
		CF5BB9F528C9AB8A006DCE95 /* Views */ = {
			isa = PBXGroup;
			children = (
				CF5BB9F728C9ACB1006DCE95 /* CollectionViewTableViewCell.swift */,
				6B03670528CA44810054C11C /* HeroHeaderUIView.swift */,
				6B480A0328DAC3E1005406E9 /* TitleCollectionViewCell.swift */,
				6BD540A828DB7BAD00D50BE4 /* TitleTableViewCell.swift */,
			);
			path = Views;
			sourceTree = "<group>";
		};
		F401E3C34C5846A68D6A6B31 /* Frameworks */ = {
			isa = PBXGroup;
			children = (
				775E216E4BAEAE1508112460 /* Pods_NetflixClone.framework */,
			);
			name = Frameworks;
			sourceTree = "<group>";
		};
/* End PBXGroup section */

/* Begin PBXNativeTarget section */
		CF5BB9C828C99D86006DCE95 /* NetflixClone */ = {
			isa = PBXNativeTarget;
			buildConfigurationList = CF5BB9DD28C99D88006DCE95 /* Build configuration list for PBXNativeTarget "NetflixClone" */;
			buildPhases = (
				F92E68C359461F550E49E92E /* [CP] Check Pods Manifest.lock */,
				CF5BB9C528C99D86006DCE95 /* Sources */,
				CF5BB9C628C99D86006DCE95 /* Frameworks */,
				CF5BB9C728C99D86006DCE95 /* Resources */,
				ABE1D0B24C15E7E6DA6CA25C /* [CP] Embed Pods Frameworks */,
			);
			buildRules = (
			);
			dependencies = (
			);
			name = NetflixClone;
			productName = NetflixClone;
			productReference = CF5BB9C928C99D86006DCE95 /* NetflixClone.app */;
			productType = "com.apple.product-type.application";
		};
/* End PBXNativeTarget section */

/* Begin PBXProject section */
		CF5BB9C128C99D86006DCE95 /* Project object */ = {
			isa = PBXProject;
			attributes = {
				LastSwiftUpdateCheck = 1200;
				LastUpgradeCheck = 1200;
				TargetAttributes = {
					CF5BB9C828C99D86006DCE95 = {
						CreatedOnToolsVersion = 12.0.1;
					};
				};
			};
			buildConfigurationList = CF5BB9C428C99D86006DCE95 /* Build configuration list for PBXProject "NetflixClone" */;
			compatibilityVersion = "Xcode 9.3";
			developmentRegion = en;
			hasScannedForEncodings = 0;
			knownRegions = (
				en,
				Base,
			);
			mainGroup = CF5BB9C028C99D86006DCE95;
			productRefGroup = CF5BB9CA28C99D86006DCE95 /* Products */;
			projectDirPath = "";
			projectRoot = "";
			targets = (
				CF5BB9C828C99D86006DCE95 /* NetflixClone */,
			);
		};
/* End PBXProject section */

/* Begin PBXResourcesBuildPhase section */
		CF5BB9C728C99D86006DCE95 /* Resources */ = {
			isa = PBXResourcesBuildPhase;
			buildActionMask = 2147483647;
			files = (
				CF5BB9D928C99D87006DCE95 /* LaunchScreen.storyboard in Resources */,
				CF5BB9D628C99D87006DCE95 /* Assets.xcassets in Resources */,
			);
			runOnlyForDeploymentPostprocessing = 0;
		};
/* End PBXResourcesBuildPhase section */

/* Begin PBXShellScriptBuildPhase section */
		ABE1D0B24C15E7E6DA6CA25C /* [CP] Embed Pods Frameworks */ = {
			isa = PBXShellScriptBuildPhase;
			buildActionMask = 2147483647;
			files = (
			);
			inputFileListPaths = (
				"${PODS_ROOT}/Target Support Files/Pods-NetflixClone/Pods-NetflixClone-frameworks-${CONFIGURATION}-input-files.xcfilelist",
			);
			name = "[CP] Embed Pods Frameworks";
			outputFileListPaths = (
				"${PODS_ROOT}/Target Support Files/Pods-NetflixClone/Pods-NetflixClone-frameworks-${CONFIGURATION}-output-files.xcfilelist",
			);
			runOnlyForDeploymentPostprocessing = 0;
			shellPath = /bin/sh;
			shellScript = "\"${PODS_ROOT}/Target Support Files/Pods-NetflixClone/Pods-NetflixClone-frameworks.sh\"\n";
			showEnvVarsInLog = 0;
		};
		F92E68C359461F550E49E92E /* [CP] Check Pods Manifest.lock */ = {
			isa = PBXShellScriptBuildPhase;
			buildActionMask = 2147483647;
			files = (
			);
			inputFileListPaths = (
			);
			inputPaths = (
				"${PODS_PODFILE_DIR_PATH}/Podfile.lock",
				"${PODS_ROOT}/Manifest.lock",
			);
			name = "[CP] Check Pods Manifest.lock";
			outputFileListPaths = (
			);
			outputPaths = (
				"$(DERIVED_FILE_DIR)/Pods-NetflixClone-checkManifestLockResult.txt",
			);
			runOnlyForDeploymentPostprocessing = 0;
			shellPath = /bin/sh;
			shellScript = "diff \"${PODS_PODFILE_DIR_PATH}/Podfile.lock\" \"${PODS_ROOT}/Manifest.lock\" > /dev/null\nif [ $? != 0 ] ; then\n    # print error to STDERR\n    echo \"error: The sandbox is not in sync with the Podfile.lock. Run 'pod install' or update your CocoaPods installation.\" >&2\n    exit 1\nfi\n# This output is used by Xcode 'outputs' to avoid re-running this script phase.\necho \"SUCCESS\" > \"${SCRIPT_OUTPUT_FILE_0}\"\n";
			showEnvVarsInLog = 0;
		};
/* End PBXShellScriptBuildPhase section */

/* Begin PBXSourcesBuildPhase section */
		CF5BB9C528C99D86006DCE95 /* Sources */ = {
			isa = PBXSourcesBuildPhase;
			buildActionMask = 2147483647;
			files = (
				6BD540A928DB7BAD00D50BE4 /* TitleTableViewCell.swift in Sources */,
				CF5BB9EC28C9A2E2006DCE95 /* SearchViewController.swift in Sources */,
				6B480A0428DAC3E1005406E9 /* TitleCollectionViewCell.swift in Sources */,
				CF5BB9D128C99D86006DCE95 /* MainTabBarViewController.swift in Sources */,
				CF5BB9F828C9ACB1006DCE95 /* CollectionViewTableViewCell.swift in Sources */,
				6B03670628CA44810054C11C /* HeroHeaderUIView.swift in Sources */,
				CF5BB9EF28C9A300006DCE95 /* DownloadsViewController.swift in Sources */,
				CF5BB9CD28C99D86006DCE95 /* AppDelegate.swift in Sources */,
				CF5BB9E928C9A2C1006DCE95 /* UpcommingViewController.swift in Sources */,
				6BD540AE28DB8EAF00D50BE4 /* SearchResultsViewController.swift in Sources */,
				6B480A0028DAA266005406E9 /* Extensions.swift in Sources */,
				6BE6F71028DBB7FC0091CF8F /* YoutubeSearchResponse.swift in Sources */,
				CF5BB9CF28C99D86006DCE95 /* SceneDelegate.swift in Sources */,
				6B5FCC2928DCD37D0010EBB1 /* TitlePreviewViewModel.swift in Sources */,
				6B4809FD28DA9FF3005406E9 /* APICaller.swift in Sources */,
				6B5FCC2728DCD1020010EBB1 /* TitlePreviewViewController.swift in Sources */,
				6BE85ADC28DA9C2D005C6A45 /* Title.swift in Sources */,
				CF5BB9E528C9A17C006DCE95 /* HomeViewController.swift in Sources */,
				6BD540AC28DB7DD400D50BE4 /* TitleViewModel.swift in Sources */,
			);
			runOnlyForDeploymentPostprocessing = 0;
		};
/* End PBXSourcesBuildPhase section */

/* Begin PBXVariantGroup section */
		CF5BB9D728C99D87006DCE95 /* LaunchScreen.storyboard */ = {
			isa = PBXVariantGroup;
			children = (
				CF5BB9D828C99D87006DCE95 /* Base */,
			);
			name = LaunchScreen.storyboard;
			sourceTree = "<group>";
		};
/* End PBXVariantGroup section */

/* Begin XCBuildConfiguration section */
		CF5BB9DB28C99D88006DCE95 /* Debug */ = {
			isa = XCBuildConfiguration;
			buildSettings = {
				ALWAYS_SEARCH_USER_PATHS = NO;
				CLANG_ANALYZER_NONNULL = YES;
				CLANG_ANALYZER_NUMBER_OBJECT_CONVERSION = YES_AGGRESSIVE;
				CLANG_CXX_LANGUAGE_STANDARD = "gnu++14";
				CLANG_CXX_LIBRARY = "libc++";
				CLANG_ENABLE_MODULES = YES;
				CLANG_ENABLE_OBJC_ARC = YES;
				CLANG_ENABLE_OBJC_WEAK = YES;
				CLANG_WARN_BLOCK_CAPTURE_AUTORELEASING = YES;
				CLANG_WARN_BOOL_CONVERSION = YES;
				CLANG_WARN_COMMA = YES;
				CLANG_WARN_CONSTANT_CONVERSION = YES;
				CLANG_WARN_DEPRECATED_OBJC_IMPLEMENTATIONS = YES;
				CLANG_WARN_DIRECT_OBJC_ISA_USAGE = YES_ERROR;
				CLANG_WARN_DOCUMENTATION_COMMENTS = YES;
				CLANG_WARN_EMPTY_BODY = YES;
				CLANG_WARN_ENUM_CONVERSION = YES;
				CLANG_WARN_INFINITE_RECURSION = YES;
				CLANG_WARN_INT_CONVERSION = YES;
				CLANG_WARN_NON_LITERAL_NULL_CONVERSION = YES;
				CLANG_WARN_OBJC_IMPLICIT_RETAIN_SELF = YES;
				CLANG_WARN_OBJC_LITERAL_CONVERSION = YES;
				CLANG_WARN_OBJC_ROOT_CLASS = YES_ERROR;
				CLANG_WARN_QUOTED_INCLUDE_IN_FRAMEWORK_HEADER = YES;
				CLANG_WARN_RANGE_LOOP_ANALYSIS = YES;
				CLANG_WARN_STRICT_PROTOTYPES = YES;
				CLANG_WARN_SUSPICIOUS_MOVE = YES;
				CLANG_WARN_UNGUARDED_AVAILABILITY = YES_AGGRESSIVE;
				CLANG_WARN_UNREACHABLE_CODE = YES;
				CLANG_WARN__DUPLICATE_METHOD_MATCH = YES;
				COPY_PHASE_STRIP = NO;
				DEBUG_INFORMATION_FORMAT = dwarf;
				ENABLE_STRICT_OBJC_MSGSEND = YES;
				ENABLE_TESTABILITY = YES;
				GCC_C_LANGUAGE_STANDARD = gnu11;
				GCC_DYNAMIC_NO_PIC = NO;
				GCC_NO_COMMON_BLOCKS = YES;
				GCC_OPTIMIZATION_LEVEL = 0;
				GCC_PREPROCESSOR_DEFINITIONS = (
					"DEBUG=1",
					"$(inherited)",
				);
				GCC_WARN_64_TO_32_BIT_CONVERSION = YES;
				GCC_WARN_ABOUT_RETURN_TYPE = YES_ERROR;
				GCC_WARN_UNDECLARED_SELECTOR = YES;
				GCC_WARN_UNINITIALIZED_AUTOS = YES_AGGRESSIVE;
				GCC_WARN_UNUSED_FUNCTION = YES;
				GCC_WARN_UNUSED_VARIABLE = YES;
				IPHONEOS_DEPLOYMENT_TARGET = 14.0;
				MTL_ENABLE_DEBUG_INFO = INCLUDE_SOURCE;
				MTL_FAST_MATH = YES;
				ONLY_ACTIVE_ARCH = YES;
				SDKROOT = iphoneos;
				SWIFT_ACTIVE_COMPILATION_CONDITIONS = DEBUG;
				SWIFT_OPTIMIZATION_LEVEL = "-Onone";
			};
			name = Debug;
		};
		CF5BB9DC28C99D88006DCE95 /* Release */ = {
			isa = XCBuildConfiguration;
			buildSettings = {
				ALWAYS_SEARCH_USER_PATHS = NO;
				CLANG_ANALYZER_NONNULL = YES;
				CLANG_ANALYZER_NUMBER_OBJECT_CONVERSION = YES_AGGRESSIVE;
				CLANG_CXX_LANGUAGE_STANDARD = "gnu++14";
				CLANG_CXX_LIBRARY = "libc++";
				CLANG_ENABLE_MODULES = YES;
				CLANG_ENABLE_OBJC_ARC = YES;
				CLANG_ENABLE_OBJC_WEAK = YES;
				CLANG_WARN_BLOCK_CAPTURE_AUTORELEASING = YES;
				CLANG_WARN_BOOL_CONVERSION = YES;
				CLANG_WARN_COMMA = YES;
				CLANG_WARN_CONSTANT_CONVERSION = YES;
				CLANG_WARN_DEPRECATED_OBJC_IMPLEMENTATIONS = YES;
				CLANG_WARN_DIRECT_OBJC_ISA_USAGE = YES_ERROR;
				CLANG_WARN_DOCUMENTATION_COMMENTS = YES;
				CLANG_WARN_EMPTY_BODY = YES;
				CLANG_WARN_ENUM_CONVERSION = YES;
				CLANG_WARN_INFINITE_RECURSION = YES;
				CLANG_WARN_INT_CONVERSION = YES;
				CLANG_WARN_NON_LITERAL_NULL_CONVERSION = YES;
				CLANG_WARN_OBJC_IMPLICIT_RETAIN_SELF = YES;
				CLANG_WARN_OBJC_LITERAL_CONVERSION = YES;
				CLANG_WARN_OBJC_ROOT_CLASS = YES_ERROR;
				CLANG_WARN_QUOTED_INCLUDE_IN_FRAMEWORK_HEADER = YES;
				CLANG_WARN_RANGE_LOOP_ANALYSIS = YES;
				CLANG_WARN_STRICT_PROTOTYPES = YES;
				CLANG_WARN_SUSPICIOUS_MOVE = YES;
				CLANG_WARN_UNGUARDED_AVAILABILITY = YES_AGGRESSIVE;
				CLANG_WARN_UNREACHABLE_CODE = YES;
				CLANG_WARN__DUPLICATE_METHOD_MATCH = YES;
				COPY_PHASE_STRIP = NO;
				DEBUG_INFORMATION_FORMAT = "dwarf-with-dsym";
				ENABLE_NS_ASSERTIONS = NO;
				ENABLE_STRICT_OBJC_MSGSEND = YES;
				GCC_C_LANGUAGE_STANDARD = gnu11;
				GCC_NO_COMMON_BLOCKS = YES;
				GCC_WARN_64_TO_32_BIT_CONVERSION = YES;
				GCC_WARN_ABOUT_RETURN_TYPE = YES_ERROR;
				GCC_WARN_UNDECLARED_SELECTOR = YES;
				GCC_WARN_UNINITIALIZED_AUTOS = YES_AGGRESSIVE;
				GCC_WARN_UNUSED_FUNCTION = YES;
				GCC_WARN_UNUSED_VARIABLE = YES;
				IPHONEOS_DEPLOYMENT_TARGET = 14.0;
				MTL_ENABLE_DEBUG_INFO = NO;
				MTL_FAST_MATH = YES;
				SDKROOT = iphoneos;
				SWIFT_COMPILATION_MODE = wholemodule;
				SWIFT_OPTIMIZATION_LEVEL = "-O";
				VALIDATE_PRODUCT = YES;
			};
			name = Release;
		};
		CF5BB9DE28C99D88006DCE95 /* Debug */ = {
			isa = XCBuildConfiguration;
			baseConfigurationReference = 71DF3000E12FBC7749E59131 /* Pods-NetflixClone.debug.xcconfig */;
			buildSettings = {
				ASSETCATALOG_COMPILER_APPICON_NAME = AppIcon;
				ASSETCATALOG_COMPILER_GLOBAL_ACCENT_COLOR_NAME = AccentColor;
				CODE_SIGN_STYLE = Automatic;
				INFOPLIST_FILE = NetflixClone/Info.plist;
				LD_RUNPATH_SEARCH_PATHS = (
					"$(inherited)",
					"@executable_path/Frameworks",
				);
				PRODUCT_BUNDLE_IDENTIFIER = com.mgaldair.NetflixClone;
				PRODUCT_NAME = "$(TARGET_NAME)";
				SWIFT_VERSION = 5.0;
				TARGETED_DEVICE_FAMILY = "1,2";
			};
			name = Debug;
		};
		CF5BB9DF28C99D88006DCE95 /* Release */ = {
			isa = XCBuildConfiguration;
			baseConfigurationReference = 5A01E5CC10AA9F4B824F230A /* Pods-NetflixClone.release.xcconfig */;
			buildSettings = {
				ASSETCATALOG_COMPILER_APPICON_NAME = AppIcon;
				ASSETCATALOG_COMPILER_GLOBAL_ACCENT_COLOR_NAME = AccentColor;
				CODE_SIGN_STYLE = Automatic;
				INFOPLIST_FILE = NetflixClone/Info.plist;
				LD_RUNPATH_SEARCH_PATHS = (
					"$(inherited)",
					"@executable_path/Frameworks",
				);
				PRODUCT_BUNDLE_IDENTIFIER = com.mgaldair.NetflixClone;
				PRODUCT_NAME = "$(TARGET_NAME)";
				SWIFT_VERSION = 5.0;
				TARGETED_DEVICE_FAMILY = "1,2";
			};
			name = Release;
		};
/* End XCBuildConfiguration section */

/* Begin XCConfigurationList section */
		CF5BB9C428C99D86006DCE95 /* Build configuration list for PBXProject "NetflixClone" */ = {
			isa = XCConfigurationList;
			buildConfigurations = (
				CF5BB9DB28C99D88006DCE95 /* Debug */,
				CF5BB9DC28C99D88006DCE95 /* Release */,
			);
			defaultConfigurationIsVisible = 0;
			defaultConfigurationName = Release;
		};
		CF5BB9DD28C99D88006DCE95 /* Build configuration list for PBXNativeTarget "NetflixClone" */ = {
			isa = XCConfigurationList;
			buildConfigurations = (
				CF5BB9DE28C99D88006DCE95 /* Debug */,
				CF5BB9DF28C99D88006DCE95 /* Release */,
			);
			defaultConfigurationIsVisible = 0;
			defaultConfigurationName = Release;
		};
/* End XCConfigurationList section */
	};
	rootObject = CF5BB9C128C99D86006DCE95 /* Project object */;
}
